
Microsoft Visual Studio Solution File, Format Version 12.00
# Visual Studio Version 16
VisualStudioVersion = 16.0.30114.105
MinimumVisualStudioVersion = 10.0.40219.1
Project("{FAE04EC0-301F-11D3-BF4B-00C04F79EFBC}") = "MyApp", "MyApp\MyApp.csproj", "{CEA659C5-25A0-4277-9B9A-52889CD456F0}"
EndProject
Project("{FAE04EC0-301F-11D3-BF4B-00C04F79EFBC}") = "MyApp.Tests", "MyApp.tests\MyApp.Tests.csproj", "{38D30F27-AFA5-4856-9EAA-3CDB6AA8D680}"
EndProject
Global
	GlobalSection(SolutionConfigurationPlatforms) = preSolution
		Debug|Any CPU = Debug|Any CPU
		Release|Any CPU = Release|Any CPU
	EndGlobalSection
	GlobalSection(SolutionProperties) = preSolution
		HideSolutionNode = FALSE
	EndGlobalSection
	GlobalSection(ProjectConfigurationPlatforms) = postSolution
		{CEA659C5-25A0-4277-9B9A-52889CD456F0}.Debug|Any CPU.ActiveCfg = Debug|Any CPU
		{CEA659C5-25A0-4277-9B9A-52889CD456F0}.Debug|Any CPU.Build.0 = Debug|Any CPU
		{CEA659C5-25A0-4277-9B9A-52889CD456F0}.Release|Any CPU.ActiveCfg = Release|Any CPU
		{CEA659C5-25A0-4277-9B9A-52889CD456F0}.Release|Any CPU.Build.0 = Release|Any CPU
		{38D30F27-AFA5-4856-9EAA-3CDB6AA8D680}.Debug|Any CPU.ActiveCfg = Debug|Any CPU
		{38D30F27-AFA5-4856-9EAA-3CDB6AA8D680}.Debug|Any CPU.Build.0 = Debug|Any CPU
		{38D30F27-AFA5-4856-9EAA-3CDB6AA8D680}.Release|Any CPU.ActiveCfg = Release|Any CPU
		{38D30F27-AFA5-4856-9EAA-3CDB6AA8D680}.Release|Any CPU.Build.0 = Release|Any CPU
	EndGlobalSection
EndGlobal
